<Solution>
  <Folder Name="/lib/">
    <Project Path="Abstractions\Abstractions.csproj" />
    <Project Path="XJson.Generator\XJson.Generator.csproj" />
  </Folder>
  <Folder Name="/sample/">
    <Project Path="SampleApp\SampleApp.csproj" />
  </Folder>
  <Folder Name="/tests/">
    <Project Path="XJson.Generator.Tests/XJson.Generator.Tests.csproj" />
    <Project Path="XJson.Tests/XJson.Tests.csproj" />
  </Folder>
  
</Solution>
